
Microsoft Visual Studio Solution File, Format Version 12.00
# Visual Studio Version 16
VisualStudioVersion = 16.0.30804.86
MinimumVisualStudioVersion = 10.0.40219.1
Project("{FAE04EC0-301F-11D3-BF4B-00C04F79EFBC}") = "MessagingConsumerAPI", "MessagingConsumerAPI.csproj", "{1197DDD1-4A8F-4457-B5D2-1EBA6D793BA4}"
EndProject
Global
	GlobalSection(SolutionConfigurationPlatforms) = preSolution
		Debug|Any CPU = Debug|Any CPU
		Release|Any CPU = Release|Any CPU
	EndGlobalSection
	GlobalSection(ProjectConfigurationPlatforms) = postSolution
		{1197DDD1-4A8F-4457-B5D2-1EBA6D793BA4}.Debug|Any CPU.ActiveCfg = Debug|Any CPU
		{1197DDD1-4A8F-4457-B5D2-1EBA6D793BA4}.Debug|Any CPU.Build.0 = Debug|Any CPU
		{1197DDD1-4A8F-4457-B5D2-1EBA6D793BA4}.Release|Any CPU.ActiveCfg = Release|Any CPU
		{1197DDD1-4A8F-4457-B5D2-1EBA6D793BA4}.Release|Any CPU.Build.0 = Release|Any CPU
	EndGlobalSection
	GlobalSection(SolutionProperties) = preSolution
		HideSolutionNode = FALSE
	EndGlobalSection
	GlobalSection(ExtensibilityGlobals) = postSolution
		SolutionGuid = {070187C5-960A-4888-BEF7-EF70D178B0C8}
	EndGlobalSection
EndGlobal
